// !$*UTF8*$!
{
	archiveVersion = 1;
	classes = {
	};
	objectVersion = 50;
	objects = {

/* Begin PBXBuildFile section */
		C22C417521EEADFE0029C5DA /* AppDelegate.swift in Sources */ = {isa = PBXBuildFile; fileRef = C22C417421EEADFE0029C5DA /* AppDelegate.swift */; };
		C22C417721EEADFE0029C5DA /* ViewController.swift in Sources */ = {isa = PBXBuildFile; fileRef = C22C417621EEADFE0029C5DA /* ViewController.swift */; };
		C22C417A21EEADFE0029C5DA /* Main.storyboard in Resources */ = {isa = PBXBuildFile; fileRef = C22C417821EEADFE0029C5DA /* Main.storyboard */; };
		C22C417C21EEAE010029C5DA /* Assets.xcassets in Resources */ = {isa = PBXBuildFile; fileRef = C22C417B21EEAE010029C5DA /* Assets.xcassets */; };
		C22C417F21EEAE010029C5DA /* LaunchScreen.storyboard in Resources */ = {isa = PBXBuildFile; fileRef = C22C417D21EEAE010029C5DA /* LaunchScreen.storyboard */; };
		C22C418A21EEAE010029C5DA /* hello_worldTests.swift in Sources */ = {isa = PBXBuildFile; fileRef = C22C418921EEAE010029C5DA /* hello_worldTests.swift */; };
		C22C419521EEAE020029C5DA /* hello_worldUITests.swift in Sources */ = {isa = PBXBuildFile; fileRef = C22C419421EEAE020029C5DA /* hello_worldUITests.swift */; };
/* End PBXBuildFile section */

/* Begin PBXContainerItemProxy section */
		C22C418621EEAE010029C5DA /* PBXContainerItemProxy */ = {
			isa = PBXContainerItemProxy;
			containerPortal = C22C416921EEADFE0029C5DA /* Project object */;
			proxyType = 1;
			remoteGlobalIDString = C22C417021EEADFE0029C5DA;
			remoteInfo = "hello world";
		};
		C22C419121EEAE020029C5DA /* PBXContainerItemProxy */ = {
			isa = PBXContainerItemProxy;
			containerPortal = C22C416921EEADFE0029C5DA /* Project object */;
			proxyType = 1;
			remoteGlobalIDString = C22C417021EEADFE0029C5DA;
			remoteInfo = "hello world";
		};
/* End PBXContainerItemProxy section */

/* Begin PBXFileReference section */
		C22C417121EEADFE0029C5DA /* hello world.app */ = {isa = PBXFileReference; explicitFileType = wrapper.application; includeInIndex = 0; path = "hello world.app"; sourceTree = BUILT_PRODUCTS_DIR; };
		C22C417421EEADFE0029C5DA /* AppDelegate.swift */ = {isa = PBXFileReference; lastKnownFileType = sourcecode.swift; path = AppDelegate.swift; sourceTree = "<group>"; };
		C22C417621EEADFE0029C5DA /* ViewController.swift */ = {isa = PBXFileReference; lastKnownFileType = sourcecode.swift; path = ViewController.swift; sourceTree = "<group>"; };
		C22C417921EEADFE0029C5DA /* Base */ = {isa = PBXFileReference; lastKnownFileType = file.storyboard; name = Base; path = Base.lproj/Main.storyboard; sourceTree = "<group>"; };
		C22C417B21EEAE010029C5DA /* Assets.xcassets */ = {isa = PBXFileReference; lastKnownFileType = folder.assetcatalog; path = Assets.xcassets; sourceTree = "<group>"; };
		C22C417E21EEAE010029C5DA /* Base */ = {isa = PBXFileReference; lastKnownFileType = file.storyboard; name = Base; path = Base.lproj/LaunchScreen.storyboard; sourceTree = "<group>"; };
		C22C418021EEAE010029C5DA /* Info.plist */ = {isa = PBXFileReference; lastKnownFileType = text.plist.xml; path = Info.plist; sourceTree = "<group>"; };
		C22C418521EEAE010029C5DA /* hello worldTests.xctest */ = {isa = PBXFileReference; explicitFileType = wrapper.cfbundle; includeInIndex = 0; path = "hello worldTests.xctest"; sourceTree = BUILT_PRODUCTS_DIR; };
		C22C418921EEAE010029C5DA /* hello_worldTests.swift */ = {isa = PBXFileReference; lastKnownFileType = sourcecode.swift; path = hello_worldTests.swift; sourceTree = "<group>"; };
		C22C418B21EEAE010029C5DA /* Info.plist */ = {isa = PBXFileReference; lastKnownFileType = text.plist.xml; path = Info.plist; sourceTree = "<group>"; };
		C22C419021EEAE020029C5DA /* hello worldUITests.xctest */ = {isa = PBXFileReference; explicitFileType = wrapper.cfbundle; includeInIndex = 0; path = "hello worldUITests.xctest"; sourceTree = BUILT_PRODUCTS_DIR; };
		C22C419421EEAE020029C5DA /* hello_worldUITests.swift */ = {isa = PBXFileReference; lastKnownFileType = sourcecode.swift; path = hello_worldUITests.swift; sourceTree = "<group>"; };
		C22C419621EEAE020029C5DA /* Info.plist */ = {isa = PBXFileReference; lastKnownFileType = text.plist.xml; path = Info.plist; sourceTree = "<group>"; };
/* End PBXFileReference section */

/* Begin PBXFrameworksBuildPhase section */
		C22C416E21EEADFE0029C5DA /* Frameworks */ = {
			isa = PBXFrameworksBuildPhase;
			buildActionMask = 2147483647;
			files = (
			);
			runOnlyForDeploymentPostprocessing = 0;
		};
		C22C418221EEAE010029C5DA /* Frameworks */ = {
			isa = PBXFrameworksBuildPhase;
			buildActionMask = 2147483647;
			files = (
			);
			runOnlyForDeploymentPostprocessing = 0;
		};
		C22C418D21EEAE020029C5DA /* Frameworks */ = {
			isa = PBXFrameworksBuildPhase;
			buildActionMask = 2147483647;
			files = (
			);
			runOnlyForDeploymentPostprocessing = 0;
		};
/* End PBXFrameworksBuildPhase section */

/* Begin PBXGroup section */
		C22C416821EEADFE0029C5DA = {
			isa = PBXGroup;
			children = (
				C22C417321EEADFE0029C5DA /* hello world */,
				C22C418821EEAE010029C5DA /* hello worldTests */,
				C22C419321EEAE020029C5DA /* hello worldUITests */,
				C22C417221EEADFE0029C5DA /* Products */,
			);
			sourceTree = "<group>";
		};
		C22C417221EEADFE0029C5DA /* Products */ = {
			isa = PBXGroup;
			children = (
				C22C417121EEADFE0029C5DA /* hello world.app */,
				C22C418521EEAE010029C5DA /* hello worldTests.xctest */,
				C22C419021EEAE020029C5DA /* hello worldUITests.xctest */,
			);
			name = Products;
			sourceTree = "<group>";
		};
		C22C417321EEADFE0029C5DA /* hello world */ = {
			isa = PBXGroup;
			children = (
				C22C417421EEADFE0029C5DA /* AppDelegate.swift */,
				C22C417621EEADFE0029C5DA /* ViewController.swift */,
				C22C417821EEADFE0029C5DA /* Main.storyboard */,
				C22C417B21EEAE010029C5DA /* Assets.xcassets */,
				C22C417D21EEAE010029C5DA /* LaunchScreen.storyboard */,
				C22C418021EEAE010029C5DA /* Info.plist */,
			);
			path = "hello world";
			sourceTree = "<group>";
		};
		C22C418821EEAE010029C5DA /* hello worldTests */ = {
			isa = PBXGroup;
			children = (
				C22C418921EEAE010029C5DA /* hello_worldTests.swift */,
				C22C418B21EEAE010029C5DA /* Info.plist */,
			);
			path = "hello worldTests";
			sourceTree = "<group>";
		};
		C22C419321EEAE020029C5DA /* hello worldUITests */ = {
			isa = PBXGroup;
			children = (
				C22C419421EEAE020029C5DA /* hello_worldUITests.swift */,
				C22C419621EEAE020029C5DA /* Info.plist */,
			);
			path = "hello worldUITests";
			sourceTree = "<group>";
		};
/* End PBXGroup section */

/* Begin PBXNativeTarget section */
		C22C417021EEADFE0029C5DA /* hello world */ = {
			isa = PBXNativeTarget;
			buildConfigurationList = C22C419921EEAE020029C5DA /* Build configuration list for PBXNativeTarget "hello world" */;
			buildPhases = (
				C22C416D21EEADFE0029C5DA /* Sources */,
				C22C416E21EEADFE0029C5DA /* Frameworks */,
				C22C416F21EEADFE0029C5DA /* Resources */,
			);
			buildRules = (
			);
			dependencies = (
			);
			name = "hello world";
			productName = "hello world";
			productReference = C22C417121EEADFE0029C5DA /* hello world.app */;
			productType = "com.apple.product-type.application";
		};
		C22C418421EEAE010029C5DA /* hello worldTests */ = {
			isa = PBXNativeTarget;
			buildConfigurationList = C22C419C21EEAE020029C5DA /* Build configuration list for PBXNativeTarget "hello worldTests" */;
			buildPhases = (
				C22C418121EEAE010029C5DA /* Sources */,
				C22C418221EEAE010029C5DA /* Frameworks */,
				C22C418321EEAE010029C5DA /* Resources */,
			);
			buildRules = (
			);
			dependencies = (
				C22C418721EEAE010029C5DA /* PBXTargetDependency */,
			);
			name = "hello worldTests";
			productName = "hello worldTests";
			productReference = C22C418521EEAE010029C5DA /* hello worldTests.xctest */;
			productType = "com.apple.product-type.bundle.unit-test";
		};
		C22C418F21EEAE020029C5DA /* hello worldUITests */ = {
			isa = PBXNativeTarget;
			buildConfigurationList = C22C419F21EEAE020029C5DA /* Build configuration list for PBXNativeTarget "hello worldUITests" */;
			buildPhases = (
				C22C418C21EEAE020029C5DA /* Sources */,
				C22C418D21EEAE020029C5DA /* Frameworks */,
				C22C418E21EEAE020029C5DA /* Resources */,
			);
			buildRules = (
			);
			dependencies = (
				C22C419221EEAE020029C5DA /* PBXTargetDependency */,
			);
			name = "hello worldUITests";
			productName = "hello worldUITests";
			productReference = C22C419021EEAE020029C5DA /* hello worldUITests.xctest */;
			productType = "com.apple.product-type.bundle.ui-testing";
		};
/* End PBXNativeTarget section */

/* Begin PBXProject section */
		C22C416921EEADFE0029C5DA /* Project object */ = {
			isa = PBXProject;
			attributes = {
				LastSwiftUpdateCheck = 0940;
				LastUpgradeCheck = 0940;
				ORGANIZATIONNAME = Cara;
				TargetAttributes = {
					C22C417021EEADFE0029C5DA = {
						CreatedOnToolsVersion = 9.4.1;
					};
					C22C418421EEAE010029C5DA = {
						CreatedOnToolsVersion = 9.4.1;
						TestTargetID = C22C417021EEADFE0029C5DA;
					};
					C22C418F21EEAE020029C5DA = {
						CreatedOnToolsVersion = 9.4.1;
						TestTargetID = C22C417021EEADFE0029C5DA;
					};
				};
			};
			buildConfigurationList = C22C416C21EEADFE0029C5DA /* Build configuration list for PBXProject "hello world" */;
			compatibilityVersion = "Xcode 9.3";
			developmentRegion = en;
			hasScannedForEncodings = 0;
			knownRegions = (
				en,
				Base,
			);
			mainGroup = C22C416821EEADFE0029C5DA;
			productRefGroup = C22C417221EEADFE0029C5DA /* Products */;
			projectDirPath = "";
			projectRoot = "";
			targets = (
				C22C417021EEADFE0029C5DA /* hello world */,
				C22C418421EEAE010029C5DA /* hello worldTests */,
				C22C418F21EEAE020029C5DA /* hello worldUITests */,
			);
		};
/* End PBXProject section */

/* Begin PBXResourcesBuildPhase section */
		C22C416F21EEADFE0029C5DA /* Resources */ = {
			isa = PBXResourcesBuildPhase;
			buildActionMask = 2147483647;
			files = (
				C22C417F21EEAE010029C5DA /* LaunchScreen.storyboard in Resources */,
				C22C417C21EEAE010029C5DA /* Assets.xcassets in Resources */,
				C22C417A21EEADFE0029C5DA /* Main.storyboard in Resources */,
			);
			runOnlyForDeploymentPostprocessing = 0;
		};
		C22C418321EEAE010029C5DA /* Resources */ = {
			isa = PBXResourcesBuildPhase;
			buildActionMask = 2147483647;
			files = (
			);
			runOnlyForDeploymentPostprocessing = 0;
		};
		C22C418E21EEAE020029C5DA /* Resources */ = {
			isa = PBXResourcesBuildPhase;
			buildActionMask = 2147483647;
			files = (
			);
			runOnlyForDeploymentPostprocessing = 0;
		};
/* End PBXResourcesBuildPhase section */

/* Begin PBXSourcesBuildPhase section */
		C22C416D21EEADFE0029C5DA /* Sources */ = {
			isa = PBXSourcesBuildPhase;
			buildActionMask = 2147483647;
			files = (
				C22C417721EEADFE0029C5DA /* ViewController.swift in Sources */,
				C22C417521EEADFE0029C5DA /* AppDelegate.swift in Sources */,
			);
			runOnlyForDeploymentPostprocessing = 0;
		};
		C22C418121EEAE010029C5DA /* Sources */ = {
			isa = PBXSourcesBuildPhase;
			buildActionMask = 2147483647;
			files = (
				C22C418A21EEAE010029C5DA /* hello_worldTests.swift in Sources */,
			);
			runOnlyForDeploymentPostprocessing = 0;
		};
		C22C418C21EEAE020029C5DA /* Sources */ = {
			isa = PBXSourcesBuildPhase;
			buildActionMask = 2147483647;
			files = (
				C22C419521EEAE020029C5DA /* hello_worldUITests.swift in Sources */,
			);
			runOnlyForDeploymentPostprocessing = 0;
		};
/* End PBXSourcesBuildPhase section */

/* Begin PBXTargetDependency section */
		C22C418721EEAE010029C5DA /* PBXTargetDependency */ = {
			isa = PBXTargetDependency;
			target = C22C417021EEADFE0029C5DA /* hello world */;
			targetProxy = C22C418621EEAE010029C5DA /* PBXContainerItemProxy */;
		};
		C22C419221EEAE020029C5DA /* PBXTargetDependency */ = {
			isa = PBXTargetDependency;
			target = C22C417021EEADFE0029C5DA /* hello world */;
			targetProxy = C22C419121EEAE020029C5DA /* PBXContainerItemProxy */;
		};
/* End PBXTargetDependency section */

/* Begin PBXVariantGroup section */
		C22C417821EEADFE0029C5DA /* Main.storyboard */ = {
			isa = PBXVariantGroup;
			children = (
				C22C417921EEADFE0029C5DA /* Base */,
			);
			name = Main.storyboard;
			sourceTree = "<group>";
		};
		C22C417D21EEAE010029C5DA /* LaunchScreen.storyboard */ = {
			isa = PBXVariantGroup;
			children = (
				C22C417E21EEAE010029C5DA /* Base */,
			);
			name = LaunchScreen.storyboard;
			sourceTree = "<group>";
		};
/* End PBXVariantGroup section */

/* Begin XCBuildConfiguration section */
		C22C419721EEAE020029C5DA /* Debug */ = {
			isa = XCBuildConfiguration;
			buildSettings = {
				ALWAYS_SEARCH_USER_PATHS = NO;
				CLANG_ANALYZER_NONNULL = YES;
				CLANG_ANALYZER_NUMBER_OBJECT_CONVERSION = YES_AGGRESSIVE;
				CLANG_CXX_LANGUAGE_STANDARD = "gnu++14";
				CLANG_CXX_LIBRARY = "libc++";
				CLANG_ENABLE_MODULES = YES;
				CLANG_ENABLE_OBJC_ARC = YES;
				CLANG_ENABLE_OBJC_WEAK = YES;
				CLANG_WARN_BLOCK_CAPTURE_AUTORELEASING = YES;
				CLANG_WARN_BOOL_CONVERSION = YES;
				CLANG_WARN_COMMA = YES;
				CLANG_WARN_CONSTANT_CONVERSION = YES;
				CLANG_WARN_DEPRECATED_OBJC_IMPLEMENTATIONS = YES;
				CLANG_WARN_DIRECT_OBJC_ISA_USAGE = YES_ERROR;
				CLANG_WARN_DOCUMENTATION_COMMENTS = YES;
				CLANG_WARN_EMPTY_BODY = YES;
				CLANG_WARN_ENUM_CONVERSION = YES;
				CLANG_WARN_INFINITE_RECURSION = YES;
				CLANG_WARN_INT_CONVERSION = YES;
				CLANG_WARN_NON_LITERAL_NULL_CONVERSION = YES;
				CLANG_WARN_OBJC_IMPLICIT_RETAIN_SELF = YES;
				CLANG_WARN_OBJC_LITERAL_CONVERSION = YES;
				CLANG_WARN_OBJC_ROOT_CLASS = YES_ERROR;
				CLANG_WARN_RANGE_LOOP_ANALYSIS = YES;
				CLANG_WARN_STRICT_PROTOTYPES = YES;
				CLANG_WARN_SUSPICIOUS_MOVE = YES;
				CLANG_WARN_UNGUARDED_AVAILABILITY = YES_AGGRESSIVE;
				CLANG_WARN_UNREACHABLE_CODE = YES;
				CLANG_WARN__DUPLICATE_METHOD_MATCH = YES;
				CODE_SIGN_IDENTITY = "iPhone Developer";
				COPY_PHASE_STRIP = NO;
				DEBUG_INFORMATION_FORMAT = dwarf;
				ENABLE_STRICT_OBJC_MSGSEND = YES;
				ENABLE_TESTABILITY = YES;
				GCC_C_LANGUAGE_STANDARD = gnu11;
				GCC_DYNAMIC_NO_PIC = NO;
				GCC_NO_COMMON_BLOCKS = YES;
				GCC_OPTIMIZATION_LEVEL = 0;
				GCC_PREPROCESSOR_DEFINITIONS = (
					"DEBUG=1",
					"$(inherited)",
				);
				GCC_WARN_64_TO_32_BIT_CONVERSION = YES;
				GCC_WARN_ABOUT_RETURN_TYPE = YES_ERROR;
				GCC_WARN_UNDECLARED_SELECTOR = YES;
				GCC_WARN_UNINITIALIZED_AUTOS = YES_AGGRESSIVE;
				GCC_WARN_UNUSED_FUNCTION = YES;
				GCC_WARN_UNUSED_VARIABLE = YES;
				IPHONEOS_DEPLOYMENT_TARGET = 11.4;
				MTL_ENABLE_DEBUG_INFO = YES;
				ONLY_ACTIVE_ARCH = YES;
				SDKROOT = iphoneos;
				SWIFT_ACTIVE_COMPILATION_CONDITIONS = DEBUG;
				SWIFT_OPTIMIZATION_LEVEL = "-Onone";
			};
			name = Debug;
		};
		C22C419821EEAE020029C5DA /* Release */ = {
			isa = XCBuildConfiguration;
			buildSettings = {
				ALWAYS_SEARCH_USER_PATHS = NO;
				CLANG_ANALYZER_NONNULL = YES;
				CLANG_ANALYZER_NUMBER_OBJECT_CONVERSION = YES_AGGRESSIVE;
				CLANG_CXX_LANGUAGE_STANDARD = "gnu++14";
				CLANG_CXX_LIBRARY = "libc++";
				CLANG_ENABLE_MODULES = YES;
				CLANG_ENABLE_OBJC_ARC = YES;
				CLANG_ENABLE_OBJC_WEAK = YES;
				CLANG_WARN_BLOCK_CAPTURE_AUTORELEASING = YES;
				CLANG_WARN_BOOL_CONVERSION = YES;
				CLANG_WARN_COMMA = YES;
				CLANG_WARN_CONSTANT_CONVERSION = YES;
				CLANG_WARN_DEPRECATED_OBJC_IMPLEMENTATIONS = YES;
				CLANG_WARN_DIRECT_OBJC_ISA_USAGE = YES_ERROR;
				CLANG_WARN_DOCUMENTATION_COMMENTS = YES;
				CLANG_WARN_EMPTY_BODY = YES;
				CLANG_WARN_ENUM_CONVERSION = YES;
				CLANG_WARN_INFINITE_RECURSION = YES;
				CLANG_WARN_INT_CONVERSION = YES;
				CLANG_WARN_NON_LITERAL_NULL_CONVERSION = YES;
				CLANG_WARN_OBJC_IMPLICIT_RETAIN_SELF = YES;
				CLANG_WARN_OBJC_LITERAL_CONVERSION = YES;
				CLANG_WARN_OBJC_ROOT_CLASS = YES_ERROR;
				CLANG_WARN_RANGE_LOOP_ANALYSIS = YES;
				CLANG_WARN_STRICT_PROTOTYPES = YES;
				CLANG_WARN_SUSPICIOUS_MOVE = YES;
				CLANG_WARN_UNGUARDED_AVAILABILITY = YES_AGGRESSIVE;
				CLANG_WARN_UNREACHABLE_CODE = YES;
				CLANG_WARN__DUPLICATE_METHOD_MATCH = YES;
				CODE_SIGN_IDENTITY = "iPhone Developer";
				COPY_PHASE_STRIP = NO;
				DEBUG_INFORMATION_FORMAT = "dwarf-with-dsym";
				ENABLE_NS_ASSERTIONS = NO;
				ENABLE_STRICT_OBJC_MSGSEND = YES;
				GCC_C_LANGUAGE_STANDARD = gnu11;
				GCC_NO_COMMON_BLOCKS = YES;
				GCC_WARN_64_TO_32_BIT_CONVERSION = YES;
				GCC_WARN_ABOUT_RETURN_TYPE = YES_ERROR;
				GCC_WARN_UNDECLARED_SELECTOR = YES;
				GCC_WARN_UNINITIALIZED_AUTOS = YES_AGGRESSIVE;
				GCC_WARN_UNUSED_FUNCTION = YES;
				GCC_WARN_UNUSED_VARIABLE = YES;
				IPHONEOS_DEPLOYMENT_TARGET = 11.4;
				MTL_ENABLE_DEBUG_INFO = NO;
				SDKROOT = iphoneos;
				SWIFT_COMPILATION_MODE = wholemodule;
				SWIFT_OPTIMIZATION_LEVEL = "-O";
				VALIDATE_PRODUCT = YES;
			};
			name = Release;
		};
		C22C419A21EEAE020029C5DA /* Debug */ = {
			isa = XCBuildConfiguration;
			buildSettings = {
				ASSETCATALOG_COMPILER_APPICON_NAME = AppIcon;
				CODE_SIGN_STYLE = Automatic;
				INFOPLIST_FILE = "hello world/Info.plist";
				LD_RUNPATH_SEARCH_PATHS = (
					"$(inherited)",
					"@executable_path/Frameworks",
				);
				PRODUCT_BUNDLE_IDENTIFIER = "Cara.hello-world";
				PRODUCT_NAME = "$(TARGET_NAME)";
				SWIFT_VERSION = 4.0;
				TARGETED_DEVICE_FAMILY = "1,2";
			};
			name = Debug;
		};
		C22C419B21EEAE020029C5DA /* Release */ = {
			isa = XCBuildConfiguration;
			buildSettings = {
				ASSETCATALOG_COMPILER_APPICON_NAME = AppIcon;
				CODE_SIGN_STYLE = Automatic;
				INFOPLIST_FILE = "hello world/Info.plist";
				LD_RUNPATH_SEARCH_PATHS = (
					"$(inherited)",
					"@executable_path/Frameworks",
				);
				PRODUCT_BUNDLE_IDENTIFIER = "Cara.hello-world";
				PRODUCT_NAME = "$(TARGET_NAME)";
				SWIFT_VERSION = 4.0;
				TARGETED_DEVICE_FAMILY = "1,2";
			};
			name = Release;
		};
		C22C419D21EEAE020029C5DA /* Debug */ = {
			isa = XCBuildConfiguration;
			buildSettings = {
				ALWAYS_EMBED_SWIFT_STANDARD_LIBRARIES = YES;
				BUNDLE_LOADER = "$(TEST_HOST)";
				CODE_SIGN_STYLE = Automatic;
				INFOPLIST_FILE = "hello worldTests/Info.plist";
				LD_RUNPATH_SEARCH_PATHS = (
					"$(inherited)",
					"@executable_path/Frameworks",
					"@loader_path/Frameworks",
				);
				PRODUCT_BUNDLE_IDENTIFIER = "Cara.hello-worldTests";
				PRODUCT_NAME = "$(TARGET_NAME)";
				SWIFT_VERSION = 4.0;
				TARGETED_DEVICE_FAMILY = "1,2";
				TEST_HOST = "$(BUILT_PRODUCTS_DIR)/hello world.app/hello world";
			};
			name = Debug;
		};
		C22C419E21EEAE020029C5DA /* Release */ = {
			isa = XCBuildConfiguration;
			buildSettings = {
				ALWAYS_EMBED_SWIFT_STANDARD_LIBRARIES = YES;
				BUNDLE_LOADER = "$(TEST_HOST)";
				CODE_SIGN_STYLE = Automatic;
				INFOPLIST_FILE = "hello worldTests/Info.plist";
				LD_RUNPATH_SEARCH_PATHS = (
					"$(inherited)",
					"@executable_path/Frameworks",
					"@loader_path/Frameworks",
				);
				PRODUCT_BUNDLE_IDENTIFIER = "Cara.hello-worldTests";
				PRODUCT_NAME = "$(TARGET_NAME)";
				SWIFT_VERSION = 4.0;
				TARGETED_DEVICE_FAMILY = "1,2";
				TEST_HOST = "$(BUILT_PRODUCTS_DIR)/hello world.app/hello world";
			};
			name = Release;
		};
		C22C41A021EEAE020029C5DA /* Debug */ = {
			isa = XCBuildConfiguration;
			buildSettings = {
				ALWAYS_EMBED_SWIFT_STANDARD_LIBRARIES = YES;
				CODE_SIGN_STYLE = Automatic;
				INFOPLIST_FILE = "hello worldUITests/Info.plist";
				LD_RUNPATH_SEARCH_PATHS = (
					"$(inherited)",
					"@executable_path/Frameworks",
					"@loader_path/Frameworks",
				);
				PRODUCT_BUNDLE_IDENTIFIER = "Cara.hello-worldUITests";
				PRODUCT_NAME = "$(TARGET_NAME)";
				SWIFT_VERSION = 4.0;
				TARGETED_DEVICE_FAMILY = "1,2";
				TEST_TARGET_NAME = "hello world";
			};
			name = Debug;
		};
		C22C41A121EEAE020029C5DA /* Release */ = {
			isa = XCBuildConfiguration;
			buildSettings = {
				ALWAYS_EMBED_SWIFT_STANDARD_LIBRARIES = YES;
				CODE_SIGN_STYLE = Automatic;
				INFOPLIST_FILE = "hello worldUITests/Info.plist";
				LD_RUNPATH_SEARCH_PATHS = (
					"$(inherited)",
					"@executable_path/Frameworks",
					"@loader_path/Frameworks",
				);
				PRODUCT_BUNDLE_IDENTIFIER = "Cara.hello-worldUITests";
				PRODUCT_NAME = "$(TARGET_NAME)";
				SWIFT_VERSION = 4.0;
				TARGETED_DEVICE_FAMILY = "1,2";
				TEST_TARGET_NAME = "hello world";
			};
			name = Release;
		};
/* End XCBuildConfiguration section */

/* Begin XCConfigurationList section */
		C22C416C21EEADFE0029C5DA /* Build configuration list for PBXProject "hello world" */ = {
			isa = XCConfigurationList;
			buildConfigurations = (
				C22C419721EEAE020029C5DA /* Debug */,
				C22C419821EEAE020029C5DA /* Release */,
			);
			defaultConfigurationIsVisible = 0;
			defaultConfigurationName = Release;
		};
		C22C419921EEAE020029C5DA /* Build configuration list for PBXNativeTarget "hello world" */ = {
			isa = XCConfigurationList;
			buildConfigurations = (
				C22C419A21EEAE020029C5DA /* Debug */,
				C22C419B21EEAE020029C5DA /* Release */,
			);
			defaultConfigurationIsVisible = 0;
			defaultConfigurationName = Release;
		};
		C22C419C21EEAE020029C5DA /* Build configuration list for PBXNativeTarget "hello worldTests" */ = {
			isa = XCConfigurationList;
			buildConfigurations = (
				C22C419D21EEAE020029C5DA /* Debug */,
				C22C419E21EEAE020029C5DA /* Release */,
			);
			defaultConfigurationIsVisible = 0;
			defaultConfigurationName = Release;
		};
		C22C419F21EEAE020029C5DA /* Build configuration list for PBXNativeTarget "hello worldUITests" */ = {
			isa = XCConfigurationList;
			buildConfigurations = (
				C22C41A021EEAE020029C5DA /* Debug */,
				C22C41A121EEAE020029C5DA /* Release */,
			);
			defaultConfigurationIsVisible = 0;
			defaultConfigurationName = Release;
		};
/* End XCConfigurationList section */
	};
	rootObject = C22C416921EEADFE0029C5DA /* Project object */;
}
